firecracker_version = "v1.15.1"
ci_version = "v1.15"
arch = "x86_64"
firecracker_tgz = "firecracker-v1.15.1-x86_64.tgz"
firecracker_tgz_sha256 = "d4a32ab2322d887ca1bc4a4e7afa9cc35393e6362dfc2b3becb389d362e4275a"
firecracker_binary = "firecracker-v1.15.1-x86_64"
firecracker_binary_sha256 = "7e8b57e88c459396d4680d83dcdd8c7f72305447cb55b11f4ac98ad70a3f7825"
jailer_binary = "jailer-v1.15.1-x86_64"
jailer_binary_sha256 = "4830a9b1fc6cece036d8992ff12f1fe9c5247aacad77f42c7aba683c7a08622e"
kernel = "vmlinux-6.1.155"
kernel_sha256 = "fc7672c8884eecfdaa655b2f84f4756432c8110e7d6b0ec9d4a2befd9f73e2c4"
